
Microsoft Visual Studio Solution File, Format Version 12.00
Project("{FAE04EC0-301F-11D3-BF4B-00C04F79EFBC}") = "MealyMoore", "MealyMoore\MealyMoore.csproj", "{BA2D9935-8E66-433C-9B2F-9AC7B2B6E6C3}"
EndProject
Project("{2150E333-8FDC-42A3-9474-1A3956D46DE8}") = "UI", "UI", "{10293840-1056-4142-82E5-D1111330CEB9}"
EndProject
Project("{2150E333-8FDC-42A3-9474-1A3956D46DE8}") = "Domain", "Domain", "{EB1AFE11-CF6D-473D-BDD7-A9C63757BFA7}"
EndProject
Project("{2150E333-8FDC-42A3-9474-1A3956D46DE8}") = "Infrastructure", "Infrastructure", "{FA966430-9EED-4C2D-AA00-817EE5F7B518}"
EndProject
Project("{FAE04EC0-301F-11D3-BF4B-00C04F79EFBC}") = "Domain", "Domain\Domain.csproj", "{BC932937-AB28-4C73-9FC5-F59E90E196F5}"
EndProject
Project("{FAE04EC0-301F-11D3-BF4B-00C04F79EFBC}") = "Visualizations", "Visualizations\Visualizations.csproj", "{3A211F31-840B-428E-B0E7-94FDB574ECF0}"
EndProject
Project("{FAE04EC0-301F-11D3-BF4B-00C04F79EFBC}") = "FileWorkers", "FileWorkers\FileWorkers.csproj", "{494D8DB6-8F75-45CE-BFC9-46A15E3831FD}"
EndProject
Global
	GlobalSection(SolutionConfigurationPlatforms) = preSolution
		Debug|Any CPU = Debug|Any CPU
		Release|Any CPU = Release|Any CPU
	EndGlobalSection
	GlobalSection(ProjectConfigurationPlatforms) = postSolution
		{BA2D9935-8E66-433C-9B2F-9AC7B2B6E6C3}.Debug|Any CPU.ActiveCfg = Debug|Any CPU
		{BA2D9935-8E66-433C-9B2F-9AC7B2B6E6C3}.Debug|Any CPU.Build.0 = Debug|Any CPU
		{BA2D9935-8E66-433C-9B2F-9AC7B2B6E6C3}.Release|Any CPU.ActiveCfg = Release|Any CPU
		{BA2D9935-8E66-433C-9B2F-9AC7B2B6E6C3}.Release|Any CPU.Build.0 = Release|Any CPU
		{BC932937-AB28-4C73-9FC5-F59E90E196F5}.Debug|Any CPU.ActiveCfg = Debug|Any CPU
		{BC932937-AB28-4C73-9FC5-F59E90E196F5}.Debug|Any CPU.Build.0 = Debug|Any CPU
		{BC932937-AB28-4C73-9FC5-F59E90E196F5}.Release|Any CPU.ActiveCfg = Release|Any CPU
		{BC932937-AB28-4C73-9FC5-F59E90E196F5}.Release|Any CPU.Build.0 = Release|Any CPU
		{3A211F31-840B-428E-B0E7-94FDB574ECF0}.Debug|Any CPU.ActiveCfg = Debug|Any CPU
		{3A211F31-840B-428E-B0E7-94FDB574ECF0}.Debug|Any CPU.Build.0 = Debug|Any CPU
		{3A211F31-840B-428E-B0E7-94FDB574ECF0}.Release|Any CPU.ActiveCfg = Release|Any CPU
		{3A211F31-840B-428E-B0E7-94FDB574ECF0}.Release|Any CPU.Build.0 = Release|Any CPU
		{494D8DB6-8F75-45CE-BFC9-46A15E3831FD}.Debug|Any CPU.ActiveCfg = Debug|Any CPU
		{494D8DB6-8F75-45CE-BFC9-46A15E3831FD}.Debug|Any CPU.Build.0 = Debug|Any CPU
		{494D8DB6-8F75-45CE-BFC9-46A15E3831FD}.Release|Any CPU.ActiveCfg = Release|Any CPU
		{494D8DB6-8F75-45CE-BFC9-46A15E3831FD}.Release|Any CPU.Build.0 = Release|Any CPU
	EndGlobalSection
	GlobalSection(NestedProjects) = preSolution
		{BA2D9935-8E66-433C-9B2F-9AC7B2B6E6C3} = {10293840-1056-4142-82E5-D1111330CEB9}
		{BC932937-AB28-4C73-9FC5-F59E90E196F5} = {EB1AFE11-CF6D-473D-BDD7-A9C63757BFA7}
		{3A211F31-840B-428E-B0E7-94FDB574ECF0} = {FA966430-9EED-4C2D-AA00-817EE5F7B518}
		{494D8DB6-8F75-45CE-BFC9-46A15E3831FD} = {FA966430-9EED-4C2D-AA00-817EE5F7B518}
	EndGlobalSection
EndGlobal
